
Microsoft Visual Studio Solution File, Format Version 12.00
# Visual Studio Version 17
VisualStudioVersion = 17.9.34518.117
MinimumVisualStudioVersion = 10.0.40219.1
Project("{FAE04EC0-301F-11D3-BF4B-00C04F79EFBC}") = "JokesApi", "JokesApi\JokesApi.csproj", "{D9FAEE16-BE29-4F3C-94A4-07ECDAB2E8B6}"
EndProject
Project("{2150E333-8FDC-42A3-9474-1A3956D46DE8}") = "Docker", "Docker", "{B7C4C655-E5CF-47C7-AB4D-88F0140F686E}"
EndProject
Project("{2150E333-8FDC-42A3-9474-1A3956D46DE8}") = "Database", "Database", "{A682C424-E2C9-4E8D-9E35-3850FBCF2128}"
	ProjectSection(SolutionItems) = preProject
		docker-compose.yml = docker-compose.yml
	EndProjectSection
EndProject
Global
	GlobalSection(SolutionConfigurationPlatforms) = preSolution
		Debug|Any CPU = Debug|Any CPU
		Release|Any CPU = Release|Any CPU
	EndGlobalSection
	GlobalSection(ProjectConfigurationPlatforms) = postSolution
		{D9FAEE16-BE29-4F3C-94A4-07ECDAB2E8B6}.Debug|Any CPU.ActiveCfg = Debug|Any CPU
		{D9FAEE16-BE29-4F3C-94A4-07ECDAB2E8B6}.Debug|Any CPU.Build.0 = Debug|Any CPU
		{D9FAEE16-BE29-4F3C-94A4-07ECDAB2E8B6}.Release|Any CPU.ActiveCfg = Release|Any CPU
		{D9FAEE16-BE29-4F3C-94A4-07ECDAB2E8B6}.Release|Any CPU.Build.0 = Release|Any CPU
	EndGlobalSection
	GlobalSection(SolutionProperties) = preSolution
		HideSolutionNode = FALSE
	EndGlobalSection
	GlobalSection(NestedProjects) = preSolution
		{A682C424-E2C9-4E8D-9E35-3850FBCF2128} = {B7C4C655-E5CF-47C7-AB4D-88F0140F686E}
	EndGlobalSection
	GlobalSection(ExtensibilityGlobals) = postSolution
		SolutionGuid = {7C17F7BF-9C5A-4FD0-9144-2AEFEFB6A7FA}
	EndGlobalSection
EndGlobal
